
Microsoft Visual Studio Solution File, Format Version 12.00
# Visual Studio 2012
Project("{FAE04EC0-301F-11D3-BF4B-00C04F79EFBC}") = "Test1", "Test1\Test1.csproj", "{A1A4DA41-6972-4D17-A778-4F28A923F61C}"
EndProject
Global
	GlobalSection(SolutionConfigurationPlatforms) = preSolution
		Debug|Any CPU = Debug|Any CPU
		Release|Any CPU = Release|Any CPU
	EndGlobalSection
	GlobalSection(ProjectConfigurationPlatforms) = postSolution
		{A1A4DA41-6972-4D17-A778-4F28A923F61C}.Debug|Any CPU.ActiveCfg = Debug|Any CPU
		{A1A4DA41-6972-4D17-A778-4F28A923F61C}.Debug|Any CPU.Build.0 = Debug|Any CPU
		{A1A4DA41-6972-4D17-A778-4F28A923F61C}.Release|Any CPU.ActiveCfg = Release|Any CPU
		{A1A4DA41-6972-4D17-A778-4F28A923F61C}.Release|Any CPU.Build.0 = Release|Any CPU
	EndGlobalSection
	GlobalSection(SolutionProperties) = preSolution
		HideSolutionNode = FALSE
	EndGlobalSection
EndGlobal
